
Microsoft Visual Studio Solution File, Format Version 12.00
# Visual Studio 14
VisualStudioVersion = 14.0.25420.1
MinimumVisualStudioVersion = 10.0.40219.1
Project("{FAE04EC0-301F-11D3-BF4B-00C04F79EFBC}") = "Demo", "Demo\Demo.csproj", "{538EE8EA-307E-4925-AEDA-E118E9A67755}"
EndProject
Project("{FAE04EC0-301F-11D3-BF4B-00C04F79EFBC}") = "AsyncLib", "AsyncLib\AsyncLib.csproj", "{AA2ABEEB-2993-400B-ABCD-B1C66559A4A8}"
EndProject
Project("{FAE04EC0-301F-11D3-BF4B-00C04F79EFBC}") = "AsyncPatterns", "AsyncPatterns\AsyncPatterns.csproj", "{88EC492E-650B-4046-AEE3-9BACE4959437}"
EndProject
Project("{FAE04EC0-301F-11D3-BF4B-00C04F79EFBC}") = "Foundation", "Foundation\Foundation.csproj", "{591C0C37-951A-4BAC-906E-09683B7F277C}"
EndProject
Project("{FAE04EC0-301F-11D3-BF4B-00C04F79EFBC}") = "DemoTests", "DemoTests\DemoTests.csproj", "{06FB99FB-A68F-4A44-831B-FC70BF62768E}"
EndProject
Project("{FAE04EC0-301F-11D3-BF4B-00C04F79EFBC}") = "AssemblyA", "AssemblyA\AssemblyA.csproj", "{45A08276-2440-460C-921C-3321073EFDC0}"
EndProject
Project("{FAE04EC0-301F-11D3-BF4B-00C04F79EFBC}") = "AssemblyB", "AssemblyB\AssemblyB.csproj", "{754B140D-CE5E-4DAF-BC65-45F6342AE79C}"
EndProject
Project("{FAE04EC0-301F-11D3-BF4B-00C04F79EFBC}") = "SharedDemo", "SharedDemo\SharedDemo.csproj", "{B15FBBF3-DDD1-4DA3-A30F-ABDDA7FD1A2D}"
EndProject
Project("{FAE04EC0-301F-11D3-BF4B-00C04F79EFBC}") = "ParallelDemo", "ParallelDemo\ParallelDemo.csproj", "{B09F1EBE-045D-4F7B-AB5C-1303826D215F}"
EndProject
Project("{FAE04EC0-301F-11D3-BF4B-00C04F79EFBC}") = "TaskSimple", "TaskSimple\TaskSimple.csproj", "{DA2867C7-258F-4B4B-BC51-CB075AAB5EC0}"
EndProject
Project("{FAE04EC0-301F-11D3-BF4B-00C04F79EFBC}") = "FileOperate", "FileOperate\FileOperate.csproj", "{7018F59C-59AF-4097-978C-46AF16250784}"
EndProject
Project("{FAE04EC0-301F-11D3-BF4B-00C04F79EFBC}") = "HttpClientDemo", "HttpClientDemo\HttpClientDemo.csproj", "{49465DE3-2DE1-44BE-90DC-7EE05286EDD7}"
EndProject
Project("{FAE04EC0-301F-11D3-BF4B-00C04F79EFBC}") = "Browser", "Browser\Browser.csproj", "{D8767336-099A-495A-AD16-9CB9FFAD4FB0}"
EndProject
Project("{FAE04EC0-301F-11D3-BF4B-00C04F79EFBC}") = "NetworkTools", "NetworkTools\NetworkTools.csproj", "{5C516E2E-B667-4E31-809F-CE76B98BD8B5}"
EndProject
Project("{FAE04EC0-301F-11D3-BF4B-00C04F79EFBC}") = "TcpSend", "TcpSend\TcpSend.csproj", "{8C2ECBC3-83E3-4D9A-9928-304B8EFAE7CB}"
EndProject
Project("{FAE04EC0-301F-11D3-BF4B-00C04F79EFBC}") = "TcpReceive", "TcpReceive\TcpReceive.csproj", "{4CC06332-47FE-4742-B119-D60777D3192E}"
EndProject
Project("{FAE04EC0-301F-11D3-BF4B-00C04F79EFBC}") = "SocketConsole", "SocketConsole\SocketConsole.csproj", "{A8ACFC7C-4AED-44DF-8944-0B9658AEEBE9}"
EndProject
Project("{FAE04EC0-301F-11D3-BF4B-00C04F79EFBC}") = "SocketConsoleClient", "SocketConsoleClient\SocketConsoleClient.csproj", "{EF3A8B47-AF00-4FCA-8B7C-D7324A86E7AD}"
EndProject
Global
	GlobalSection(SolutionConfigurationPlatforms) = preSolution
		Debug|Any CPU = Debug|Any CPU
		Release|Any CPU = Release|Any CPU
	EndGlobalSection
	GlobalSection(ProjectConfigurationPlatforms) = postSolution
		{538EE8EA-307E-4925-AEDA-E118E9A67755}.Debug|Any CPU.ActiveCfg = Debug|Any CPU
		{538EE8EA-307E-4925-AEDA-E118E9A67755}.Debug|Any CPU.Build.0 = Debug|Any CPU
		{538EE8EA-307E-4925-AEDA-E118E9A67755}.Release|Any CPU.ActiveCfg = Release|Any CPU
		{538EE8EA-307E-4925-AEDA-E118E9A67755}.Release|Any CPU.Build.0 = Release|Any CPU
		{AA2ABEEB-2993-400B-ABCD-B1C66559A4A8}.Debug|Any CPU.ActiveCfg = Debug|Any CPU
		{AA2ABEEB-2993-400B-ABCD-B1C66559A4A8}.Debug|Any CPU.Build.0 = Debug|Any CPU
		{AA2ABEEB-2993-400B-ABCD-B1C66559A4A8}.Release|Any CPU.ActiveCfg = Release|Any CPU
		{AA2ABEEB-2993-400B-ABCD-B1C66559A4A8}.Release|Any CPU.Build.0 = Release|Any CPU
		{88EC492E-650B-4046-AEE3-9BACE4959437}.Debug|Any CPU.ActiveCfg = Debug|Any CPU
		{88EC492E-650B-4046-AEE3-9BACE4959437}.Debug|Any CPU.Build.0 = Debug|Any CPU
		{88EC492E-650B-4046-AEE3-9BACE4959437}.Release|Any CPU.ActiveCfg = Release|Any CPU
		{88EC492E-650B-4046-AEE3-9BACE4959437}.Release|Any CPU.Build.0 = Release|Any CPU
		{591C0C37-951A-4BAC-906E-09683B7F277C}.Debug|Any CPU.ActiveCfg = Debug|Any CPU
		{591C0C37-951A-4BAC-906E-09683B7F277C}.Debug|Any CPU.Build.0 = Debug|Any CPU
		{591C0C37-951A-4BAC-906E-09683B7F277C}.Release|Any CPU.ActiveCfg = Release|Any CPU
		{591C0C37-951A-4BAC-906E-09683B7F277C}.Release|Any CPU.Build.0 = Release|Any CPU
		{06FB99FB-A68F-4A44-831B-FC70BF62768E}.Debug|Any CPU.ActiveCfg = Debug|Any CPU
		{06FB99FB-A68F-4A44-831B-FC70BF62768E}.Debug|Any CPU.Build.0 = Debug|Any CPU
		{06FB99FB-A68F-4A44-831B-FC70BF62768E}.Release|Any CPU.ActiveCfg = Release|Any CPU
		{06FB99FB-A68F-4A44-831B-FC70BF62768E}.Release|Any CPU.Build.0 = Release|Any CPU
		{45A08276-2440-460C-921C-3321073EFDC0}.Debug|Any CPU.ActiveCfg = Debug|Any CPU
		{45A08276-2440-460C-921C-3321073EFDC0}.Debug|Any CPU.Build.0 = Debug|Any CPU
		{45A08276-2440-460C-921C-3321073EFDC0}.Release|Any CPU.ActiveCfg = Release|Any CPU
		{45A08276-2440-460C-921C-3321073EFDC0}.Release|Any CPU.Build.0 = Release|Any CPU
		{754B140D-CE5E-4DAF-BC65-45F6342AE79C}.Debug|Any CPU.ActiveCfg = Debug|Any CPU
		{754B140D-CE5E-4DAF-BC65-45F6342AE79C}.Debug|Any CPU.Build.0 = Debug|Any CPU
		{754B140D-CE5E-4DAF-BC65-45F6342AE79C}.Release|Any CPU.ActiveCfg = Release|Any CPU
		{754B140D-CE5E-4DAF-BC65-45F6342AE79C}.Release|Any CPU.Build.0 = Release|Any CPU
		{B15FBBF3-DDD1-4DA3-A30F-ABDDA7FD1A2D}.Debug|Any CPU.ActiveCfg = Debug|Any CPU
		{B15FBBF3-DDD1-4DA3-A30F-ABDDA7FD1A2D}.Debug|Any CPU.Build.0 = Debug|Any CPU
		{B15FBBF3-DDD1-4DA3-A30F-ABDDA7FD1A2D}.Release|Any CPU.ActiveCfg = Release|Any CPU
		{B15FBBF3-DDD1-4DA3-A30F-ABDDA7FD1A2D}.Release|Any CPU.Build.0 = Release|Any CPU
		{B09F1EBE-045D-4F7B-AB5C-1303826D215F}.Debug|Any CPU.ActiveCfg = Debug|Any CPU
		{B09F1EBE-045D-4F7B-AB5C-1303826D215F}.Debug|Any CPU.Build.0 = Debug|Any CPU
		{B09F1EBE-045D-4F7B-AB5C-1303826D215F}.Release|Any CPU.ActiveCfg = Release|Any CPU
		{B09F1EBE-045D-4F7B-AB5C-1303826D215F}.Release|Any CPU.Build.0 = Release|Any CPU
		{DA2867C7-258F-4B4B-BC51-CB075AAB5EC0}.Debug|Any CPU.ActiveCfg = Debug|Any CPU
		{DA2867C7-258F-4B4B-BC51-CB075AAB5EC0}.Debug|Any CPU.Build.0 = Debug|Any CPU
		{DA2867C7-258F-4B4B-BC51-CB075AAB5EC0}.Release|Any CPU.ActiveCfg = Release|Any CPU
		{DA2867C7-258F-4B4B-BC51-CB075AAB5EC0}.Release|Any CPU.Build.0 = Release|Any CPU
		{7018F59C-59AF-4097-978C-46AF16250784}.Debug|Any CPU.ActiveCfg = Debug|Any CPU
		{7018F59C-59AF-4097-978C-46AF16250784}.Debug|Any CPU.Build.0 = Debug|Any CPU
		{7018F59C-59AF-4097-978C-46AF16250784}.Release|Any CPU.ActiveCfg = Release|Any CPU
		{7018F59C-59AF-4097-978C-46AF16250784}.Release|Any CPU.Build.0 = Release|Any CPU
		{49465DE3-2DE1-44BE-90DC-7EE05286EDD7}.Debug|Any CPU.ActiveCfg = Debug|Any CPU
		{49465DE3-2DE1-44BE-90DC-7EE05286EDD7}.Debug|Any CPU.Build.0 = Debug|Any CPU
		{49465DE3-2DE1-44BE-90DC-7EE05286EDD7}.Release|Any CPU.ActiveCfg = Release|Any CPU
		{49465DE3-2DE1-44BE-90DC-7EE05286EDD7}.Release|Any CPU.Build.0 = Release|Any CPU
		{D8767336-099A-495A-AD16-9CB9FFAD4FB0}.Debug|Any CPU.ActiveCfg = Debug|Any CPU
		{D8767336-099A-495A-AD16-9CB9FFAD4FB0}.Debug|Any CPU.Build.0 = Debug|Any CPU
		{D8767336-099A-495A-AD16-9CB9FFAD4FB0}.Release|Any CPU.ActiveCfg = Release|Any CPU
		{D8767336-099A-495A-AD16-9CB9FFAD4FB0}.Release|Any CPU.Build.0 = Release|Any CPU
		{5C516E2E-B667-4E31-809F-CE76B98BD8B5}.Debug|Any CPU.ActiveCfg = Debug|Any CPU
		{5C516E2E-B667-4E31-809F-CE76B98BD8B5}.Debug|Any CPU.Build.0 = Debug|Any CPU
		{5C516E2E-B667-4E31-809F-CE76B98BD8B5}.Release|Any CPU.ActiveCfg = Release|Any CPU
		{5C516E2E-B667-4E31-809F-CE76B98BD8B5}.Release|Any CPU.Build.0 = Release|Any CPU
		{8C2ECBC3-83E3-4D9A-9928-304B8EFAE7CB}.Debug|Any CPU.ActiveCfg = Debug|Any CPU
		{8C2ECBC3-83E3-4D9A-9928-304B8EFAE7CB}.Debug|Any CPU.Build.0 = Debug|Any CPU
		{8C2ECBC3-83E3-4D9A-9928-304B8EFAE7CB}.Release|Any CPU.ActiveCfg = Release|Any CPU
		{8C2ECBC3-83E3-4D9A-9928-304B8EFAE7CB}.Release|Any CPU.Build.0 = Release|Any CPU
		{4CC06332-47FE-4742-B119-D60777D3192E}.Debug|Any CPU.ActiveCfg = Debug|Any CPU
		{4CC06332-47FE-4742-B119-D60777D3192E}.Debug|Any CPU.Build.0 = Debug|Any CPU
		{4CC06332-47FE-4742-B119-D60777D3192E}.Release|Any CPU.ActiveCfg = Release|Any CPU
		{4CC06332-47FE-4742-B119-D60777D3192E}.Release|Any CPU.Build.0 = Release|Any CPU
		{A8ACFC7C-4AED-44DF-8944-0B9658AEEBE9}.Debug|Any CPU.ActiveCfg = Debug|Any CPU
		{A8ACFC7C-4AED-44DF-8944-0B9658AEEBE9}.Debug|Any CPU.Build.0 = Debug|Any CPU
		{A8ACFC7C-4AED-44DF-8944-0B9658AEEBE9}.Release|Any CPU.ActiveCfg = Release|Any CPU
		{A8ACFC7C-4AED-44DF-8944-0B9658AEEBE9}.Release|Any CPU.Build.0 = Release|Any CPU
		{EF3A8B47-AF00-4FCA-8B7C-D7324A86E7AD}.Debug|Any CPU.ActiveCfg = Debug|Any CPU
		{EF3A8B47-AF00-4FCA-8B7C-D7324A86E7AD}.Debug|Any CPU.Build.0 = Debug|Any CPU
		{EF3A8B47-AF00-4FCA-8B7C-D7324A86E7AD}.Release|Any CPU.ActiveCfg = Release|Any CPU
		{EF3A8B47-AF00-4FCA-8B7C-D7324A86E7AD}.Release|Any CPU.Build.0 = Release|Any CPU
	EndGlobalSection
	GlobalSection(SolutionProperties) = preSolution
		HideSolutionNode = FALSE
	EndGlobalSection
EndGlobal
